# THIS IS AN AUTOGENERATED FILE. DO NOT EDIT THIS FILE DIRECTLY.
# yarn lockfile v1


"@alan-liang/qw@^0.0.1":
  version "0.0.1"
  resolved "https://registry.npmjs.org/@alan-liang/qw/-/qw-0.0.1.tgz#5c1d5be6ccc574bd538d1e9d628400760d392bb0"
  integrity sha512-Xw32Lw3nQnyx8YHaoQjlYkpjnMGQV87pxABulSiugh651r5wgGFmMnbj9lpyEmf99ajDeRUa3pe91qwk43qNew==
